NeoBundleLock vim-session 4fb9cdde57d49fc45f9c9e81b693f55e89464bf0
NeoBundleLock ag.vim d3a00f8affb091e7a14eb34f1beb9db9bb57a4bf
NeoBundleLock vim-github-colorscheme 37b0ca027f638f3349ed8fb99c54ab65b8e65c04
NeoBundleLock vim-ragtag 12e379989e3258af0934e10173386235c7d69944
NeoBundleLock lastpos.vim 21a22ce4a11117cae8a0017c1cd9a9094fe5adf2
NeoBundleLock vim-signature 2b9c9055174fd75ede1708b88a09c23604a3684e
NeoBundleLock vim-javascript f8122fd1caca68b2592553e43dad45b3dc445a06
NeoBundleLock vim-multiple-cursors 35028be1f71953da9f2c28509bf6c5ebd1d31c28
NeoBundleLock vim-surround fa433e0b7330753688f715f3be5d10dc480f20e5
NeoBundleLock vim-jquery 61890d8e5ba8a873526fb91c6484aa445cc20b56
NeoBundleLock vim-abolish d932b4491a35a0a85f1334223e315caac5e5cb0d
NeoBundleLock vim-jst a0c3283be10c2bb6ac2247f09f16e7b7b034d902
NeoBundleLock vim-pyte a1071f30656b26645b69f59e1e05257829a39620
NeoBundleLock vim-jsx e7784d17bd8d7e53e9541a3f5bd8cb1b2bc46c13
NeoBundleLock vim-haml 204e32721154766e03e99ff857bc798aa5b741dc
NeoBundleLock AnsiEsc.vim d2bb7878622e4c16203acf1c92a0f4bc7ac58003
NeoBundleLock tlib_vim 344a6d3d5cad0c2c6b922194b853ea28d1eef597
NeoBundleLock vim-tags 2326af6b4143a545c91047c10b4e62b30c6023bf
NeoBundleLock color_highlight bd87fce3929c586f8d3ae99136d904421bb33968
NeoBundleLock file-line 07e160e155ded88a34a413f7d5d8bf5fd9f9ada1
NeoBundleLock Tomorrow-Theme ec5fbccbaa2a974a670b4466163f98c01fd87a2f
NeoBundleLock webapi-vim a7789abffe936db56e3152e23733847f94755753
NeoBundleLock vim-markdown-extra-preview 72a09b659c2b822eca329e722a6dda7e99267b6e
NeoBundleLock vim-easymotion 2dc0025881c41a8fa37dd17524d6ec5c43b0232a
NeoBundleLock marvim c159856871aa18fa4f3249c6aa312c52f586d1ef
NeoBundleLock tabular 60f25648814f0695eeb6c1040d97adca93c4e0bb
NeoBundleLock molokai db8ce13b3737d3ddea8368498183d7c204a762eb
NeoBundleLock vim-git 297e7075a1c6ecc4547e6543cda394e28c5b1c06
NeoBundleLock vim-flavored-markdown 4a70aa2e0b98d20940a65ac38b6e9acc69c6b7a0
NeoBundleLock vim-misc 038faedc0767141dd4469978bc6575807fa3eb31
NeoBundleLock vim-fugitive d3b98d988602b94dc705ca99b171bb9f5b6c8a2c
NeoBundleLock ultisnips cb8536d7240f5f458c292f8aa38fc50278222fe8
NeoBundleLock vimerl 81e66f1d1dcf16ee9945166f814083231ab9d4cf
NeoBundleLock nerdtree f8fd2ecce20f5005e6313ce57d6d2a209890c946
NeoBundleLock gitv f0b1b7be0eb2843ce97d290fca8c12ea34599979
NeoBundleLock vim-less 940a8defa0576385dee1ad177bab0b34738540aa
NeoBundleLock Atom b07c601305d4129b31536b0771984f94c04b7d4b
NeoBundleLock xmledit f8acc490add19e863a34261f85caf73e1ed9aa23
NeoBundleLock delimitMate 38487bbec8ba50834e257940b357de03991fa8f9
NeoBundleLock vim-hemisu 37ea6aace110e1e70acb32a3ec6dc9b7ae9009bf
NeoBundleLock vim-change-hash-syntax 5de7e7142abd54683f23bc52212ad702e0106b16
NeoBundleLock mayansmoke 168883af7aec05f139af251f47eadd5dfb802c9d
NeoBundleLock Gravity 98f0223ecf6f101d221c382f79e42e6ab34a68e8
NeoBundleLock gist-vim d609d93472db9cf45bd701bebe51adc356631547
NeoBundleLock vim-airline 411ae84890793e59575036c6c0e6ee1ed9efa939
NeoBundleLock vim-gitgutter 57342e33a5b38cf3c15f4286f3c6cf166caef09a
NeoBundleLock dart-vim-plugin 6de962c793d303bae62e92e407163044460557c9
NeoBundleLock vim-nerdtree-tabs 0decec122e9bb3e9328b01fa20a9650e79cc6ca7
NeoBundleLock bufexplorer.zip 08b0100f5242e1de07bce40dc6376a4996791c33
NeoBundleLock vim-colorschemes 81c6dd7ce3169e5ad9ba92422ba6e1ce5b074e36
NeoBundleLock vim-dispatch 78ed0c065ee65c8368f1f10566b96cd890c14358
NeoBundleLock vim-stratifiedjs 467e84845f68b90f81432c24e54097d88c7d9727
NeoBundleLock vim-markdown-preview 98844ac2d201fc4e9cfa0a43dfdba6f8dd39a181
NeoBundleLock Muon 9c1ed914f1a6813621e56658ad7500fbb8b378ab
NeoBundleLock vim-endwise 96eb11755bb2d1a5583d44e9bcd10481bca45693
NeoBundleLock goyo.vim 8b74a603e56d58b8dd3caef77609a63f838cd110
NeoBundleLock vim-commentary 9c685131a5facfa0d643feca3a61b41c007d8170
NeoBundleLock vim-xhp d2cb73feca0c4c97e9dbe44422ec394ebbceb2fb
NeoBundleLock vim-repeat 2a3c5f8e3c26a57b8eb4cfc4be79615a1c508ef6
NeoBundleLock vim-vinegar ac893960c324d879b6923a4c1abaea352d8caeb5
NeoBundleLock vim-auto-save c3d06afb578a17c5512e634e7c33bb6a7bfc9a7c
NeoBundleLock neobundle.vim 75e836f566b94abfb6428f412173558953eb84a7
NeoBundleLock YouCompleteMe 9f5df48b09fbab392535f19fb8d308c9a231847d
NeoBundleLock jasmine.vim 50cae137f8308cdfdf70010232a852a364549411
NeoBundleLock vim-irblack 59622caff32a7925181ab139701fad3eee54ae51
NeoBundleLock vimCoffeeJsDocs cd6501b80975c984d98c1cb8af1356a4f7cb5280
NeoBundleLock rspec.vim 0dcb42f0e043715ab43367b3efa066b12289e366
NeoBundleLock undotree 88e4a9bc2f7916f24441faf884853a01ba11d294
NeoBundleLock ctrlp.vim b5d3fe66a58a13d2ff8b6391f4387608496a030f
NeoBundleLock vim-jade f0ca7b562052a661b35dee50bcf31eeaf8558201
NeoBundleLock ctrlp-funky 0770e4c17eaa658c76d2bdc6f023c6788930e848
NeoBundleLock vim-coffee-script 827e4a38b07479433b619091469a7495a392df8a
NeoBundleLock vim-vividchalk fd696065c7b27e8fca91907ba51151a887c36803
NeoBundleLock xml.vim 79fc7bde626816a8a94d21988ebdc0dc3ca877ba
NeoBundleLock javascript-libraries-syntax.vim a5e1487a481248d3aaa58ebcdbc830034b777268
NeoBundleLock vim-colors-solarized 528a59f26d12278698bb946f8fb82a63711eec21
NeoBundleLock vim-ruby 5e429a504f016c86a8989be2554239d175e366e9
NeoBundleLock vim-mustache-handlebars 291e49908af86f2805d1a93b6a476f04906e28e1
NeoBundleLock vim-slim 0daaa8581f9a9968cebbc7d14ae9acf1625c0389
